
Microsoft Visual Studio Solution File, Format Version 12.00
# Visual Studio Version 17
VisualStudioVersion = 17.0.32126.317
MinimumVisualStudioVersion = 10.0.40219.1
Project("{FAE04EC0-301F-11D3-BF4B-00C04F79EFBC}") = "CircleProg", "CircleProg\CircleProg.csproj", "{E6B10F4F-3BF8-496B-9527-165D1AF87799}"
EndProject
Global
	GlobalSection(SolutionConfigurationPlatforms) = preSolution
		Debug|Any CPU = Debug|Any CPU
		Release|Any CPU = Release|Any CPU
	EndGlobalSection
	GlobalSection(ProjectConfigurationPlatforms) = postSolution
		{E6B10F4F-3BF8-496B-9527-165D1AF87799}.Debug|Any CPU.ActiveCfg = Debug|Any CPU
		{E6B10F4F-3BF8-496B-9527-165D1AF87799}.Debug|Any CPU.Build.0 = Debug|Any CPU
		{E6B10F4F-3BF8-496B-9527-165D1AF87799}.Release|Any CPU.ActiveCfg = Release|Any CPU
		{E6B10F4F-3BF8-496B-9527-165D1AF87799}.Release|Any CPU.Build.0 = Release|Any CPU
	EndGlobalSection
	GlobalSection(SolutionProperties) = preSolution
		HideSolutionNode = FALSE
	EndGlobalSection
	GlobalSection(ExtensibilityGlobals) = postSolution
		SolutionGuid = {62C8A632-3F72-4870-B8BE-4897C4DB5576}
	EndGlobalSection
EndGlobal
