
Microsoft Visual Studio Solution File, Format Version 12.00
# Visual Studio Version 17
VisualStudioVersion = 17.0.32126.317
MinimumVisualStudioVersion = 10.0.40219.1
Project("{FAE04EC0-301F-11D3-BF4B-00C04F79EFBC}") = "Max3Ex", "Max3Ex\Max3Ex.csproj", "{BEC5B951-E4ED-4ED9-B755-D75AB7BBEC97}"
EndProject
Global
	GlobalSection(SolutionConfigurationPlatforms) = preSolution
		Debug|Any CPU = Debug|Any CPU
		Release|Any CPU = Release|Any CPU
	EndGlobalSection
	GlobalSection(ProjectConfigurationPlatforms) = postSolution
		{BEC5B951-E4ED-4ED9-B755-D75AB7BBEC97}.Debug|Any CPU.ActiveCfg = Debug|Any CPU
		{BEC5B951-E4ED-4ED9-B755-D75AB7BBEC97}.Debug|Any CPU.Build.0 = Debug|Any CPU
		{BEC5B951-E4ED-4ED9-B755-D75AB7BBEC97}.Release|Any CPU.ActiveCfg = Release|Any CPU
		{BEC5B951-E4ED-4ED9-B755-D75AB7BBEC97}.Release|Any CPU.Build.0 = Release|Any CPU
	EndGlobalSection
	GlobalSection(SolutionProperties) = preSolution
		HideSolutionNode = FALSE
	EndGlobalSection
	GlobalSection(ExtensibilityGlobals) = postSolution
		SolutionGuid = {A2F68D3E-09CB-4740-AC51-7A5B08788F7C}
	EndGlobalSection
EndGlobal
