
Microsoft Visual Studio Solution File, Format Version 12.00
# Visual Studio Version 17
VisualStudioVersion = 17.0.32126.317
MinimumVisualStudioVersion = 10.0.40219.1
Project("{FAE04EC0-301F-11D3-BF4B-00C04F79EFBC}") = "OutEx2", "OutEx2\OutEx2.csproj", "{670BE6D8-DAE5-4443-9780-EE000FC86BCE}"
EndProject
Global
	GlobalSection(SolutionConfigurationPlatforms) = preSolution
		Debug|Any CPU = Debug|Any CPU
		Release|Any CPU = Release|Any CPU
	EndGlobalSection
	GlobalSection(ProjectConfigurationPlatforms) = postSolution
		{670BE6D8-DAE5-4443-9780-EE000FC86BCE}.Debug|Any CPU.ActiveCfg = Debug|Any CPU
		{670BE6D8-DAE5-4443-9780-EE000FC86BCE}.Debug|Any CPU.Build.0 = Debug|Any CPU
		{670BE6D8-DAE5-4443-9780-EE000FC86BCE}.Release|Any CPU.ActiveCfg = Release|Any CPU
		{670BE6D8-DAE5-4443-9780-EE000FC86BCE}.Release|Any CPU.Build.0 = Release|Any CPU
	EndGlobalSection
	GlobalSection(SolutionProperties) = preSolution
		HideSolutionNode = FALSE
	EndGlobalSection
	GlobalSection(ExtensibilityGlobals) = postSolution
		SolutionGuid = {822DA9F6-69F6-4898-8F02-B6A1CB71AA14}
	EndGlobalSection
EndGlobal
