
Microsoft Visual Studio Solution File, Format Version 12.00
# Visual Studio Version 17
VisualStudioVersion = 17.0.32126.317
MinimumVisualStudioVersion = 10.0.40219.1
Project("{FAE04EC0-301F-11D3-BF4B-00C04F79EFBC}") = "Factors", "Factors\Factors.csproj", "{BBB54ADF-B2DB-441D-9048-298700CEFDD3}"
EndProject
Global
	GlobalSection(SolutionConfigurationPlatforms) = preSolution
		Debug|Any CPU = Debug|Any CPU
		Release|Any CPU = Release|Any CPU
	EndGlobalSection
	GlobalSection(ProjectConfigurationPlatforms) = postSolution
		{BBB54ADF-B2DB-441D-9048-298700CEFDD3}.Debug|Any CPU.ActiveCfg = Debug|Any CPU
		{BBB54ADF-B2DB-441D-9048-298700CEFDD3}.Debug|Any CPU.Build.0 = Debug|Any CPU
		{BBB54ADF-B2DB-441D-9048-298700CEFDD3}.Release|Any CPU.ActiveCfg = Release|Any CPU
		{BBB54ADF-B2DB-441D-9048-298700CEFDD3}.Release|Any CPU.Build.0 = Release|Any CPU
	EndGlobalSection
	GlobalSection(SolutionProperties) = preSolution
		HideSolutionNode = FALSE
	EndGlobalSection
	GlobalSection(ExtensibilityGlobals) = postSolution
		SolutionGuid = {C2D376FC-7E89-4D76-BC43-A3B26C9E2BD6}
	EndGlobalSection
EndGlobal
